PODS:
  - DaDataAddressSuggester (1.3.0)

DEPENDENCIES:
  - DaDataAddressSuggester (from `../`)

EXTERNAL SOURCES:
  DaDataAddressSuggester:
    :path: ../

SPEC CHECKSUMS:
  DaDataAddressSuggester: 20ffc2b94aedccc861e2d0e5e0c6ec71c757b8e1

PODFILE CHECKSUM: 93b88f737a7136675bdee8a628b8c30e79518856

COCOAPODS: 1.4.0
