// !$*UTF8*$!
{
	archiveVersion = 1;
	classes = {
	};
	objectVersion = 48;
	objects = {

/* Begin PBXBuildFile section */
		311364E549FE258A3DEB5BA9 /* libPods-AddressSuggestApp.a in Frameworks */ = {isa = PBXBuildFile; fileRef = 48D70E597E6A8D21CCC17B51 /* libPods-AddressSuggestApp.a */; };
		A7B2EE6320469E3300449B64 /* AppDelegate.m in Sources */ = {isa = PBXBuildFile; fileRef = A7B2EE6220469E3300449B64 /* AppDelegate.m */; };
		A7B2EE6620469E3300449B64 /* ViewController.m in Sources */ = {isa = PBXBuildFile; fileRef = A7B2EE6520469E3300449B64 /* ViewController.m */; };
		A7B2EE6920469E3300449B64 /* Main.storyboard in Resources */ = {isa = PBXBuildFile; fileRef = A7B2EE6720469E3300449B64 /* Main.storyboard */; };
		A7B2EE6B20469E3300449B64 /* Assets.xcassets in Resources */ = {isa = PBXBuildFile; fileRef = A7B2EE6A20469E3300449B64 /* Assets.xcassets */; };
		A7B2EE6E20469E3300449B64 /* LaunchScreen.storyboard in Resources */ = {isa = PBXBuildFile; fileRef = A7B2EE6C20469E3300449B64 /* LaunchScreen.storyboard */; };
		A7B2EE7120469E3300449B64 /* main.m in Sources */ = {isa = PBXBuildFile; fileRef = A7B2EE7020469E3300449B64 /* main.m */; };
/* End PBXBuildFile section */

/* Begin PBXFileReference section */
		3141AE4F0CC23325C611D9D5 /* Pods-AddressSuggestApp.debug.xcconfig */ = {isa = PBXFileReference; includeInIndex = 1; lastKnownFileType = text.xcconfig; name = "Pods-AddressSuggestApp.debug.xcconfig"; path = "Pods/Target Support Files/Pods-AddressSuggestApp/Pods-AddressSuggestApp.debug.xcconfig"; sourceTree = "<group>"; };
		48D70E597E6A8D21CCC17B51 /* libPods-AddressSuggestApp.a */ = {isa = PBXFileReference; explicitFileType = archive.ar; includeInIndex = 0; path = "libPods-AddressSuggestApp.a"; sourceTree = BUILT_PRODUCTS_DIR; };
		6A2B285B0C465903FC1439B8 /* Pods-AddressSuggestApp.release.xcconfig */ = {isa = PBXFileReference; includeInIndex = 1; lastKnownFileType = text.xcconfig; name = "Pods-AddressSuggestApp.release.xcconfig"; path = "Pods/Target Support Files/Pods-AddressSuggestApp/Pods-AddressSuggestApp.release.xcconfig"; sourceTree = "<group>"; };
		A7B2EE5E20469E3200449B64 /* AddressSuggestApp.app */ = {isa = PBXFileReference; explicitFileType = wrapper.application; includeInIndex = 0; path = AddressSuggestApp.app; sourceTree = BUILT_PRODUCTS_DIR; };
		A7B2EE6120469E3300449B64 /* AppDelegate.h */ = {isa = PBXFileReference; lastKnownFileType = sourcecode.c.h; path = AppDelegate.h; sourceTree = "<group>"; };
		A7B2EE6220469E3300449B64 /* AppDelegate.m */ = {isa = PBXFileReference; lastKnownFileType = sourcecode.c.objc; path = AppDelegate.m; sourceTree = "<group>"; };
		A7B2EE6420469E3300449B64 /* ViewController.h */ = {isa = PBXFileReference; lastKnownFileType = sourcecode.c.h; path = ViewController.h; sourceTree = "<group>"; };
		A7B2EE6520469E3300449B64 /* ViewController.m */ = {isa = PBXFileReference; lastKnownFileType = sourcecode.c.objc; path = ViewController.m; sourceTree = "<group>"; };
		A7B2EE6820469E3300449B64 /* Base */ = {isa = PBXFileReference; lastKnownFileType = file.storyboard; name = Base; path = Base.lproj/Main.storyboard; sourceTree = "<group>"; };
		A7B2EE6A20469E3300449B64 /* Assets.xcassets */ = {isa = PBXFileReference; lastKnownFileType = folder.assetcatalog; path = Assets.xcassets; sourceTree = "<group>"; };
		A7B2EE6D20469E3300449B64 /* Base */ = {isa = PBXFileReference; lastKnownFileType = file.storyboard; name = Base; path = Base.lproj/LaunchScreen.storyboard; sourceTree = "<group>"; };
		A7B2EE6F20469E3300449B64 /* Info.plist */ = {isa = PBXFileReference; lastKnownFileType = text.plist.xml; path = Info.plist; sourceTree = "<group>"; };
		A7B2EE7020469E3300449B64 /* main.m */ = {isa = PBXFileReference; lastKnownFileType = sourcecode.c.objc; path = main.m; sourceTree = "<group>"; };
/* End PBXFileReference section */

/* Begin PBXFrameworksBuildPhase section */
		A7B2EE5B20469E3200449B64 /* Frameworks */ = {
			isa = PBXFrameworksBuildPhase;
			buildActionMask = 2147483647;
			files = (
				311364E549FE258A3DEB5BA9 /* libPods-AddressSuggestApp.a in Frameworks */,
			);
			runOnlyForDeploymentPostprocessing = 0;
		};
/* End PBXFrameworksBuildPhase section */

/* Begin PBXGroup section */
		A7B2EE5520469E3200449B64 = {
			isa = PBXGroup;
			children = (
				A7B2EE6020469E3200449B64 /* AddressSuggestApp */,
				A7B2EE5F20469E3200449B64 /* Products */,
				F2C21F38F6F538855709DD5A /* Pods */,
				C05A13233B556732D1FED276 /* Frameworks */,
			);
			sourceTree = "<group>";
		};
		A7B2EE5F20469E3200449B64 /* Products */ = {
			isa = PBXGroup;
			children = (
				A7B2EE5E20469E3200449B64 /* AddressSuggestApp.app */,
			);
			name = Products;
			sourceTree = "<group>";
		};
		A7B2EE6020469E3200449B64 /* AddressSuggestApp */ = {
			isa = PBXGroup;
			children = (
				A7B2EE6120469E3300449B64 /* AppDelegate.h */,
				A7B2EE6220469E3300449B64 /* AppDelegate.m */,
				A7B2EE6420469E3300449B64 /* ViewController.h */,
				A7B2EE6520469E3300449B64 /* ViewController.m */,
				A7B2EE6720469E3300449B64 /* Main.storyboard */,
				A7B2EE6A20469E3300449B64 /* Assets.xcassets */,
				A7B2EE6C20469E3300449B64 /* LaunchScreen.storyboard */,
				A7B2EE6F20469E3300449B64 /* Info.plist */,
				A7B2EE7020469E3300449B64 /* main.m */,
			);
			path = AddressSuggestApp;
			sourceTree = "<group>";
		};
		C05A13233B556732D1FED276 /* Frameworks */ = {
			isa = PBXGroup;
			children = (
				48D70E597E6A8D21CCC17B51 /* libPods-AddressSuggestApp.a */,
			);
			name = Frameworks;
			sourceTree = "<group>";
		};
		F2C21F38F6F538855709DD5A /* Pods */ = {
			isa = PBXGroup;
			children = (
				3141AE4F0CC23325C611D9D5 /* Pods-AddressSuggestApp.debug.xcconfig */,
				6A2B285B0C465903FC1439B8 /* Pods-AddressSuggestApp.release.xcconfig */,
			);
			name = Pods;
			sourceTree = "<group>";
		};
/* End PBXGroup section */

/* Begin PBXNativeTarget section */
		A7B2EE5D20469E3200449B64 /* AddressSuggestApp */ = {
			isa = PBXNativeTarget;
			buildConfigurationList = A7B2EE7420469E3300449B64 /* Build configuration list for PBXNativeTarget "AddressSuggestApp" */;
			buildPhases = (
				1DF7BA65B5FF4345037ABE45 /* [CP] Check Pods Manifest.lock */,
				A7B2EE5A20469E3200449B64 /* Sources */,
				A7B2EE5B20469E3200449B64 /* Frameworks */,
				A7B2EE5C20469E3200449B64 /* Resources */,
				79A36D31E1EC8AAC485616D9 /* [CP] Embed Pods Frameworks */,
				4D1297D245B55793BA58C57A /* [CP] Copy Pods Resources */,
			);
			buildRules = (
			);
			dependencies = (
			);
			name = AddressSuggestApp;
			productName = AddressSuggestApp;
			productReference = A7B2EE5E20469E3200449B64 /* AddressSuggestApp.app */;
			productType = "com.apple.product-type.application";
		};
/* End PBXNativeTarget section */

/* Begin PBXProject section */
		A7B2EE5620469E3200449B64 /* Project object */ = {
			isa = PBXProject;
			attributes = {
				LastUpgradeCheck = 0920;
				ORGANIZATIONNAME = pushapp;
				TargetAttributes = {
					A7B2EE5D20469E3200449B64 = {
						CreatedOnToolsVersion = 9.2;
						ProvisioningStyle = Automatic;
					};
				};
			};
			buildConfigurationList = A7B2EE5920469E3200449B64 /* Build configuration list for PBXProject "AddressSuggestApp" */;
			compatibilityVersion = "Xcode 8.0";
			developmentRegion = en;
			hasScannedForEncodings = 0;
			knownRegions = (
				en,
				Base,
			);
			mainGroup = A7B2EE5520469E3200449B64;
			productRefGroup = A7B2EE5F20469E3200449B64 /* Products */;
			projectDirPath = "";
			projectRoot = "";
			targets = (
				A7B2EE5D20469E3200449B64 /* AddressSuggestApp */,
			);
		};
/* End PBXProject section */

/* Begin PBXResourcesBuildPhase section */
		A7B2EE5C20469E3200449B64 /* Resources */ = {
			isa = PBXResourcesBuildPhase;
			buildActionMask = 2147483647;
			files = (
				A7B2EE6E20469E3300449B64 /* LaunchScreen.storyboard in Resources */,
				A7B2EE6B20469E3300449B64 /* Assets.xcassets in Resources */,
				A7B2EE6920469E3300449B64 /* Main.storyboard in Resources */,
			);
			runOnlyForDeploymentPostprocessing = 0;
		};
/* End PBXResourcesBuildPhase section */

/* Begin PBXShellScriptBuildPhase section */
		1DF7BA65B5FF4345037ABE45 /* [CP] Check Pods Manifest.lock */ = {
			isa = PBXShellScriptBuildPhase;
			buildActionMask = 2147483647;
			files = (
			);
			inputPaths = (
				"${PODS_PODFILE_DIR_PATH}/Podfile.lock",
				"${PODS_ROOT}/Manifest.lock",
			);
			name = "[CP] Check Pods Manifest.lock";
			outputPaths = (
				"$(DERIVED_FILE_DIR)/Pods-AddressSuggestApp-checkManifestLockResult.txt",
			);
			runOnlyForDeploymentPostprocessing = 0;
			shellPath = /bin/sh;
			shellScript = "diff \"${PODS_PODFILE_DIR_PATH}/Podfile.lock\" \"${PODS_ROOT}/Manifest.lock\" > /dev/null\nif [ $? != 0 ] ; then\n    # print error to STDERR\n    echo \"error: The sandbox is not in sync with the Podfile.lock. Run 'pod install' or update your CocoaPods installation.\" >&2\n    exit 1\nfi\n# This output is used by Xcode 'outputs' to avoid re-running this script phase.\necho \"SUCCESS\" > \"${SCRIPT_OUTPUT_FILE_0}\"\n";
			showEnvVarsInLog = 0;
		};
		4D1297D245B55793BA58C57A /* [CP] Copy Pods Resources */ = {
			isa = PBXShellScriptBuildPhase;
			buildActionMask = 2147483647;
			files = (
			);
			inputPaths = (
			);
			name = "[CP] Copy Pods Resources";
			outputPaths = (
			);
			runOnlyForDeploymentPostprocessing = 0;
			shellPath = /bin/sh;
			shellScript = "\"${SRCROOT}/Pods/Target Support Files/Pods-AddressSuggestApp/Pods-AddressSuggestApp-resources.sh\"\n";
			showEnvVarsInLog = 0;
		};
		79A36D31E1EC8AAC485616D9 /* [CP] Embed Pods Frameworks */ = {
			isa = PBXShellScriptBuildPhase;
			buildActionMask = 2147483647;
			files = (
			);
			inputPaths = (
			);
			name = "[CP] Embed Pods Frameworks";
			outputPaths = (
			);
			runOnlyForDeploymentPostprocessing = 0;
			shellPath = /bin/sh;
			shellScript = "\"${SRCROOT}/Pods/Target Support Files/Pods-AddressSuggestApp/Pods-AddressSuggestApp-frameworks.sh\"\n";
			showEnvVarsInLog = 0;
		};
/* End PBXShellScriptBuildPhase section */

/* Begin PBXSourcesBuildPhase section */
		A7B2EE5A20469E3200449B64 /* Sources */ = {
			isa = PBXSourcesBuildPhase;
			buildActionMask = 2147483647;
			files = (
				A7B2EE6620469E3300449B64 /* ViewController.m in Sources */,
				A7B2EE7120469E3300449B64 /* main.m in Sources */,
				A7B2EE6320469E3300449B64 /* AppDelegate.m in Sources */,
			);
			runOnlyForDeploymentPostprocessing = 0;
		};
/* End PBXSourcesBuildPhase section */

/* Begin PBXVariantGroup section */
		A7B2EE6720469E3300449B64 /* Main.storyboard */ = {
			isa = PBXVariantGroup;
			children = (
				A7B2EE6820469E3300449B64 /* Base */,
			);
			name = Main.storyboard;
			sourceTree = "<group>";
		};
		A7B2EE6C20469E3300449B64 /* LaunchScreen.storyboard */ = {
			isa = PBXVariantGroup;
			children = (
				A7B2EE6D20469E3300449B64 /* Base */,
			);
			name = LaunchScreen.storyboard;
			sourceTree = "<group>";
		};
/* End PBXVariantGroup section */

/* Begin XCBuildConfiguration section */
		A7B2EE7220469E3300449B64 /* Debug */ = {
			isa = XCBuildConfiguration;
			buildSettings = {
				ALWAYS_SEARCH_USER_PATHS = NO;
				CLANG_ANALYZER_NONNULL = YES;
				CLANG_ANALYZER_NUMBER_OBJECT_CONVERSION = YES_AGGRESSIVE;
				CLANG_CXX_LANGUAGE_STANDARD = "gnu++14";
				CLANG_CXX_LIBRARY = "libc++";
				CLANG_ENABLE_MODULES = YES;
				CLANG_ENABLE_OBJC_ARC = YES;
				CLANG_WARN_BLOCK_CAPTURE_AUTORELEASING = YES;
				CLANG_WARN_BOOL_CONVERSION = YES;
				CLANG_WARN_COMMA = YES;
				CLANG_WARN_CONSTANT_CONVERSION = YES;
				CLANG_WARN_DIRECT_OBJC_ISA_USAGE = YES_ERROR;
				CLANG_WARN_DOCUMENTATION_COMMENTS = YES;
				CLANG_WARN_EMPTY_BODY = YES;
				CLANG_WARN_ENUM_CONVERSION = YES;
				CLANG_WARN_INFINITE_RECURSION = YES;
				CLANG_WARN_INT_CONVERSION = YES;
				CLANG_WARN_NON_LITERAL_NULL_CONVERSION = YES;
				CLANG_WARN_OBJC_LITERAL_CONVERSION = YES;
				CLANG_WARN_OBJC_ROOT_CLASS = YES_ERROR;
				CLANG_WARN_RANGE_LOOP_ANALYSIS = YES;
				CLANG_WARN_STRICT_PROTOTYPES = YES;
				CLANG_WARN_SUSPICIOUS_MOVE = YES;
				CLANG_WARN_UNGUARDED_AVAILABILITY = YES_AGGRESSIVE;
				CLANG_WARN_UNREACHABLE_CODE = YES;
				CLANG_WARN__DUPLICATE_METHOD_MATCH = YES;
				CODE_SIGN_IDENTITY = "iPhone Developer";
				COPY_PHASE_STRIP = NO;
				DEBUG_INFORMATION_FORMAT = dwarf;
				ENABLE_STRICT_OBJC_MSGSEND = YES;
				ENABLE_TESTABILITY = YES;
				GCC_C_LANGUAGE_STANDARD = gnu11;
				GCC_DYNAMIC_NO_PIC = NO;
				GCC_NO_COMMON_BLOCKS = YES;
				GCC_OPTIMIZATION_LEVEL = 0;
				GCC_PREPROCESSOR_DEFINITIONS = (
					"DEBUG=1",
					"$(inherited)",
				);
				GCC_WARN_64_TO_32_BIT_CONVERSION = YES;
				GCC_WARN_ABOUT_RETURN_TYPE = YES_ERROR;
				GCC_WARN_UNDECLARED_SELECTOR = YES;
				GCC_WARN_UNINITIALIZED_AUTOS = YES_AGGRESSIVE;
				GCC_WARN_UNUSED_FUNCTION = YES;
				GCC_WARN_UNUSED_VARIABLE = YES;
				IPHONEOS_DEPLOYMENT_TARGET = 11.2;
				MTL_ENABLE_DEBUG_INFO = YES;
				ONLY_ACTIVE_ARCH = YES;
				SDKROOT = iphoneos;
			};
			name = Debug;
		};
		A7B2EE7320469E3300449B64 /* Release */ = {
			isa = XCBuildConfiguration;
			buildSettings = {
				ALWAYS_SEARCH_USER_PATHS = NO;
				CLANG_ANALYZER_NONNULL = YES;
				CLANG_ANALYZER_NUMBER_OBJECT_CONVERSION = YES_AGGRESSIVE;
				CLANG_CXX_LANGUAGE_STANDARD = "gnu++14";
				CLANG_CXX_LIBRARY = "libc++";
				CLANG_ENABLE_MODULES = YES;
				CLANG_ENABLE_OBJC_ARC = YES;
				CLANG_WARN_BLOCK_CAPTURE_AUTORELEASING = YES;
				CLANG_WARN_BOOL_CONVERSION = YES;
				CLANG_WARN_COMMA = YES;
				CLANG_WARN_CONSTANT_CONVERSION = YES;
				CLANG_WARN_DIRECT_OBJC_ISA_USAGE = YES_ERROR;
				CLANG_WARN_DOCUMENTATION_COMMENTS = YES;
				CLANG_WARN_EMPTY_BODY = YES;
				CLANG_WARN_ENUM_CONVERSION = YES;
				CLANG_WARN_INFINITE_RECURSION = YES;
				CLANG_WARN_INT_CONVERSION = YES;
				CLANG_WARN_NON_LITERAL_NULL_CONVERSION = YES;
				CLANG_WARN_OBJC_LITERAL_CONVERSION = YES;
				CLANG_WARN_OBJC_ROOT_CLASS = YES_ERROR;
				CLANG_WARN_RANGE_LOOP_ANALYSIS = YES;
				CLANG_WARN_STRICT_PROTOTYPES = YES;
				CLANG_WARN_SUSPICIOUS_MOVE = YES;
				CLANG_WARN_UNGUARDED_AVAILABILITY = YES_AGGRESSIVE;
				CLANG_WARN_UNREACHABLE_CODE = YES;
				CLANG_WARN__DUPLICATE_METHOD_MATCH = YES;
				CODE_SIGN_IDENTITY = "iPhone Developer";
				COPY_PHASE_STRIP = NO;
				DEBUG_INFORMATION_FORMAT = "dwarf-with-dsym";
				ENABLE_NS_ASSERTIONS = NO;
				ENABLE_STRICT_OBJC_MSGSEND = YES;
				GCC_C_LANGUAGE_STANDARD = gnu11;
				GCC_NO_COMMON_BLOCKS = YES;
				GCC_WARN_64_TO_32_BIT_CONVERSION = YES;
				GCC_WARN_ABOUT_RETURN_TYPE = YES_ERROR;
				GCC_WARN_UNDECLARED_SELECTOR = YES;
				GCC_WARN_UNINITIALIZED_AUTOS = YES_AGGRESSIVE;
				GCC_WARN_UNUSED_FUNCTION = YES;
				GCC_WARN_UNUSED_VARIABLE = YES;
				IPHONEOS_DEPLOYMENT_TARGET = 11.2;
				MTL_ENABLE_DEBUG_INFO = NO;
				SDKROOT = iphoneos;
				VALIDATE_PRODUCT = YES;
			};
			name = Release;
		};
		A7B2EE7520469E3300449B64 /* Debug */ = {
			isa = XCBuildConfiguration;
			baseConfigurationReference = 3141AE4F0CC23325C611D9D5 /* Pods-AddressSuggestApp.debug.xcconfig */;
			buildSettings = {
				ASSETCATALOG_COMPILER_APPICON_NAME = AppIcon;
				CODE_SIGN_STYLE = Automatic;
				DEVELOPMENT_TEAM = ZM5W68B2M9;
				INFOPLIST_FILE = AddressSuggestApp/Info.plist;
				LD_RUNPATH_SEARCH_PATHS = "$(inherited) @executable_path/Frameworks";
				PRODUCT_BUNDLE_IDENTIFIER = com.pushapp.AddressSuggestApp;
				PRODUCT_NAME = "$(TARGET_NAME)";
				TARGETED_DEVICE_FAMILY = "1,2";
			};
			name = Debug;
		};
		A7B2EE7620469E3300449B64 /* Release */ = {
			isa = XCBuildConfiguration;
			baseConfigurationReference = 6A2B285B0C465903FC1439B8 /* Pods-AddressSuggestApp.release.xcconfig */;
			buildSettings = {
				ASSETCATALOG_COMPILER_APPICON_NAME = AppIcon;
				CODE_SIGN_STYLE = Automatic;
				DEVELOPMENT_TEAM = ZM5W68B2M9;
				INFOPLIST_FILE = AddressSuggestApp/Info.plist;
				LD_RUNPATH_SEARCH_PATHS = "$(inherited) @executable_path/Frameworks";
				PRODUCT_BUNDLE_IDENTIFIER = com.pushapp.AddressSuggestApp;
				PRODUCT_NAME = "$(TARGET_NAME)";
				TARGETED_DEVICE_FAMILY = "1,2";
			};
			name = Release;
		};
/* End XCBuildConfiguration section */

/* Begin XCConfigurationList section */
		A7B2EE5920469E3200449B64 /* Build configuration list for PBXProject "AddressSuggestApp" */ = {
			isa = XCConfigurationList;
			buildConfigurations = (
				A7B2EE7220469E3300449B64 /* Debug */,
				A7B2EE7320469E3300449B64 /* Release */,
			);
			defaultConfigurationIsVisible = 0;
			defaultConfigurationName = Release;
		};
		A7B2EE7420469E3300449B64 /* Build configuration list for PBXNativeTarget "AddressSuggestApp" */ = {
			isa = XCConfigurationList;
			buildConfigurations = (
				A7B2EE7520469E3300449B64 /* Debug */,
				A7B2EE7620469E3300449B64 /* Release */,
			);
			defaultConfigurationIsVisible = 0;
			defaultConfigurationName = Release;
		};
/* End XCConfigurationList section */
	};
	rootObject = A7B2EE5620469E3200449B64 /* Project object */;
}
