<?xml version="1.0" encoding="UTF-8"?>
<Scheme
   version = "1.3">
   <BuildAction>
      <BuildActionEntries>
         <BuildActionEntry
            buildForRunning = "YES">
            <BuildableReference
               BuildableIdentifier = "primary"
               BlueprintIdentifier = "A7B2EE5D20469E3200449B64"
               BuildableName = "AddressSuggestApp.app"
               BlueprintName = "AddressSuggestApp"
               ReferencedContainer = "container:AddressSuggestApp.xcodeproj">
            </BuildableReference>
         </BuildActionEntry>
      </BuildActionEntries>
   </BuildAction>
   <LaunchAction
      useCustomWorkingDirectory = "NO"
      buildConfiguration = "Debug">
      <BuildableProductRunnable>
         <BuildableReference
            BuildableIdentifier = "primary"
            BlueprintIdentifier = "A7B2EE5D20469E3200449B64"
            BuildableName = "AddressSuggestApp.app"
            BlueprintName = "AddressSuggestApp"
            ReferencedContainer = "container:AddressSuggestApp.xcodeproj">
         </BuildableReference>
      </BuildableProductRunnable>
   </LaunchAction>
</Scheme>
